
Microsoft Visual Studio Solution File, Format Version 12.00
# Visual Studio 15
VisualStudioVersion = 15.0.27004.2009
MinimumVisualStudioVersion = 10.0.40219.1
Project("{FAE04EC0-301F-11D3-BF4B-00C04F79EFBC}") = "viewTitle", "viewTitle\viewTitle.csproj", "{731BCF76-4CD8-4F5F-AC53-0257137639C9}"
EndProject
Project("{DA7A21FA-8162-4350-AD77-A8D1B671F3ED}") = "RProject1", "RProject1\RProject1.rxproj", "{4D0149BF-662E-4620-A0B8-59CB1662DDD8}"
EndProject
Global
	GlobalSection(SolutionConfigurationPlatforms) = preSolution
		Debug|Any CPU = Debug|Any CPU
		Release|Any CPU = Release|Any CPU
	EndGlobalSection
	GlobalSection(ProjectConfigurationPlatforms) = postSolution
		{731BCF76-4CD8-4F5F-AC53-0257137639C9}.Debug|Any CPU.ActiveCfg = Debug|Any CPU
		{731BCF76-4CD8-4F5F-AC53-0257137639C9}.Debug|Any CPU.Build.0 = Debug|Any CPU
		{731BCF76-4CD8-4F5F-AC53-0257137639C9}.Release|Any CPU.ActiveCfg = Release|Any CPU
		{731BCF76-4CD8-4F5F-AC53-0257137639C9}.Release|Any CPU.Build.0 = Release|Any CPU
		{4D0149BF-662E-4620-A0B8-59CB1662DDD8}.Debug|Any CPU.ActiveCfg = Debug|Any CPU
		{4D0149BF-662E-4620-A0B8-59CB1662DDD8}.Debug|Any CPU.Build.0 = Debug|Any CPU
		{4D0149BF-662E-4620-A0B8-59CB1662DDD8}.Release|Any CPU.ActiveCfg = Release|Any CPU
		{4D0149BF-662E-4620-A0B8-59CB1662DDD8}.Release|Any CPU.Build.0 = Release|Any CPU
	EndGlobalSection
	GlobalSection(SolutionProperties) = preSolution
		HideSolutionNode = FALSE
	EndGlobalSection
	GlobalSection(ExtensibilityGlobals) = postSolution
		SolutionGuid = {43F738FC-40A7-4C28-B0BC-4E83C00906EE}
	EndGlobalSection
EndGlobal
